
Microsoft Visual Studio Solution File, Format Version 12.00
# Visual Studio Version 17
VisualStudioVersion = 17.6.33815.320
MinimumVisualStudioVersion = 10.0.40219.1
Project("{FAE04EC0-301F-11D3-BF4B-00C04F79EFBC}") = "KDSB20241103", "KDSB20241103\KDSB20241103.csproj", "{7CD84756-7CFE-4579-8CEE-2BD0D7244494}"
EndProject
Global
	GlobalSection(SolutionConfigurationPlatforms) = preSolution
		Debug|Any CPU = Debug|Any CPU
		Release|Any CPU = Release|Any CPU
	EndGlobalSection
	GlobalSection(ProjectConfigurationPlatforms) = postSolution
		{7CD84756-7CFE-4579-8CEE-2BD0D7244494}.Debug|Any CPU.ActiveCfg = Debug|Any CPU
		{7CD84756-7CFE-4579-8CEE-2BD0D7244494}.Debug|Any CPU.Build.0 = Debug|Any CPU
		{7CD84756-7CFE-4579-8CEE-2BD0D7244494}.Release|Any CPU.ActiveCfg = Release|Any CPU
		{7CD84756-7CFE-4579-8CEE-2BD0D7244494}.Release|Any CPU.Build.0 = Release|Any CPU
	EndGlobalSection
	GlobalSection(SolutionProperties) = preSolution
		HideSolutionNode = FALSE
	EndGlobalSection
	GlobalSection(ExtensibilityGlobals) = postSolution
		SolutionGuid = {8994E75B-6BEB-4D94-82E7-51D6E7E6FB74}
	EndGlobalSection
EndGlobal
